
Microsoft Visual Studio Solution File, Format Version 12.00
# Visual Studio Version 17
VisualStudioVersion = 17.14.36623.8 d17.14
MinimumVisualStudioVersion = 10.0.40219.1
Project("{FAE04EC0-301F-11D3-BF4B-00C04F79EFBC}") = "Task1", "Task1\Task1.csproj", "{9D7AB13E-1C28-447A-8CC6-88E0C79715A2}"
EndProject
Project("{2150E333-8FDC-42A3-9474-1A3956D46DE8}") = "Solution Items", "Solution Items", "{8EC462FD-D22E-90A8-E5CE-7E832BA40C5D}"
	ProjectSection(SolutionItems) = preProject
		.gitignore = .gitignore
	EndProjectSection
EndProject
Project("{FAE04EC0-301F-11D3-BF4B-00C04F79EFBC}") = "Task2", "Task2\Task2.csproj", "{C213B2DE-EAF3-4BA9-8E02-04914991B77C}"
EndProject
Global
	GlobalSection(SolutionConfigurationPlatforms) = preSolution
		Debug|Any CPU = Debug|Any CPU
		Release|Any CPU = Release|Any CPU
	EndGlobalSection
	GlobalSection(ProjectConfigurationPlatforms) = postSolution
		{9D7AB13E-1C28-447A-8CC6-88E0C79715A2}.Debug|Any CPU.ActiveCfg = Debug|Any CPU
		{9D7AB13E-1C28-447A-8CC6-88E0C79715A2}.Debug|Any CPU.Build.0 = Debug|Any CPU
		{9D7AB13E-1C28-447A-8CC6-88E0C79715A2}.Release|Any CPU.ActiveCfg = Release|Any CPU
		{9D7AB13E-1C28-447A-8CC6-88E0C79715A2}.Release|Any CPU.Build.0 = Release|Any CPU
		{C213B2DE-EAF3-4BA9-8E02-04914991B77C}.Debug|Any CPU.ActiveCfg = Debug|Any CPU
		{C213B2DE-EAF3-4BA9-8E02-04914991B77C}.Debug|Any CPU.Build.0 = Debug|Any CPU
		{C213B2DE-EAF3-4BA9-8E02-04914991B77C}.Release|Any CPU.ActiveCfg = Release|Any CPU
		{C213B2DE-EAF3-4BA9-8E02-04914991B77C}.Release|Any CPU.Build.0 = Release|Any CPU
	EndGlobalSection
	GlobalSection(SolutionProperties) = preSolution
		HideSolutionNode = FALSE
	EndGlobalSection
	GlobalSection(ExtensibilityGlobals) = postSolution
		SolutionGuid = {0B62330F-DF08-4B46-8027-8A35AF7D0CE8}
	EndGlobalSection
EndGlobal
